
Microsoft Visual Studio Solution File, Format Version 12.00
# Visual Studio 15
VisualStudioVersion = 15.0.26127.0
MinimumVisualStudioVersion = 10.0.40219.1
Project("{2150E333-8FDC-42A3-9474-1A3956D46DE8}") = "Demos", "Demos", "{9D761960-A907-4AB7-8AAA-A2196E9325A0}"
EndProject
Project("{2150E333-8FDC-42A3-9474-1A3956D46DE8}") = "Windows", "Windows", "{C1BBA6F3-29A0-4687-B7FB-C6131167F16C}"
EndProject
Project("{2150E333-8FDC-42A3-9474-1A3956D46DE8}") = "Winform", "Winform", "{F2F902D4-6AA2-4B6A-A09B-6B94A1E11F4A}"
EndProject
Project("{2150E333-8FDC-42A3-9474-1A3956D46DE8}") = "WPF", "WPF", "{D62471AB-E690-4484-847C-B61AD51B8BAB}"
EndProject
Project("{FAE04EC0-301F-11D3-BF4B-00C04F79EFBC}") = "HelloWorld", "Demos\Windows\Winform\HelloWorld\HelloWorld.csproj", "{DE2B9E9F-BB61-4A75-AA14-2F663236F384}"
EndProject
Project("{9A19103F-16F7-4668-BE54-9A1E7A4F7556}") = "CSharpGL", "CSharpGL\CSharpGL.csproj", "{756D56A4-C2F2-4E5D-8D61-DB169DB6CD0E}"
EndProject
Global
	GlobalSection(SolutionConfigurationPlatforms) = preSolution
		Debug|Any CPU = Debug|Any CPU
		Debug|x64 = Debug|x64
		Debug|x86 = Debug|x86
		Release|Any CPU = Release|Any CPU
		Release|x64 = Release|x64
		Release|x86 = Release|x86
	EndGlobalSection
	GlobalSection(ProjectConfigurationPlatforms) = postSolution
		{DE2B9E9F-BB61-4A75-AA14-2F663236F384}.Debug|Any CPU.ActiveCfg = Debug|Any CPU
		{DE2B9E9F-BB61-4A75-AA14-2F663236F384}.Debug|Any CPU.Build.0 = Debug|Any CPU
		{DE2B9E9F-BB61-4A75-AA14-2F663236F384}.Debug|x64.ActiveCfg = Debug|Any CPU
		{DE2B9E9F-BB61-4A75-AA14-2F663236F384}.Debug|x64.Build.0 = Debug|Any CPU
		{DE2B9E9F-BB61-4A75-AA14-2F663236F384}.Debug|x86.ActiveCfg = Debug|Any CPU
		{DE2B9E9F-BB61-4A75-AA14-2F663236F384}.Debug|x86.Build.0 = Debug|Any CPU
		{DE2B9E9F-BB61-4A75-AA14-2F663236F384}.Release|Any CPU.ActiveCfg = Release|Any CPU
		{DE2B9E9F-BB61-4A75-AA14-2F663236F384}.Release|Any CPU.Build.0 = Release|Any CPU
		{DE2B9E9F-BB61-4A75-AA14-2F663236F384}.Release|x64.ActiveCfg = Release|Any CPU
		{DE2B9E9F-BB61-4A75-AA14-2F663236F384}.Release|x64.Build.0 = Release|Any CPU
		{DE2B9E9F-BB61-4A75-AA14-2F663236F384}.Release|x86.ActiveCfg = Release|Any CPU
		{DE2B9E9F-BB61-4A75-AA14-2F663236F384}.Release|x86.Build.0 = Release|Any CPU
		{756D56A4-C2F2-4E5D-8D61-DB169DB6CD0E}.Debug|Any CPU.ActiveCfg = Debug|Any CPU
		{756D56A4-C2F2-4E5D-8D61-DB169DB6CD0E}.Debug|Any CPU.Build.0 = Debug|Any CPU
		{756D56A4-C2F2-4E5D-8D61-DB169DB6CD0E}.Debug|x64.ActiveCfg = Debug|x64
		{756D56A4-C2F2-4E5D-8D61-DB169DB6CD0E}.Debug|x64.Build.0 = Debug|x64
		{756D56A4-C2F2-4E5D-8D61-DB169DB6CD0E}.Debug|x86.ActiveCfg = Debug|x86
		{756D56A4-C2F2-4E5D-8D61-DB169DB6CD0E}.Debug|x86.Build.0 = Debug|x86
		{756D56A4-C2F2-4E5D-8D61-DB169DB6CD0E}.Release|Any CPU.ActiveCfg = Release|Any CPU
		{756D56A4-C2F2-4E5D-8D61-DB169DB6CD0E}.Release|Any CPU.Build.0 = Release|Any CPU
		{756D56A4-C2F2-4E5D-8D61-DB169DB6CD0E}.Release|x64.ActiveCfg = Release|x64
		{756D56A4-C2F2-4E5D-8D61-DB169DB6CD0E}.Release|x64.Build.0 = Release|x64
		{756D56A4-C2F2-4E5D-8D61-DB169DB6CD0E}.Release|x86.ActiveCfg = Release|x86
		{756D56A4-C2F2-4E5D-8D61-DB169DB6CD0E}.Release|x86.Build.0 = Release|x86
	EndGlobalSection
	GlobalSection(SolutionProperties) = preSolution
		HideSolutionNode = FALSE
	EndGlobalSection
	GlobalSection(NestedProjects) = preSolution
		{C1BBA6F3-29A0-4687-B7FB-C6131167F16C} = {9D761960-A907-4AB7-8AAA-A2196E9325A0}
		{F2F902D4-6AA2-4B6A-A09B-6B94A1E11F4A} = {C1BBA6F3-29A0-4687-B7FB-C6131167F16C}
		{D62471AB-E690-4484-847C-B61AD51B8BAB} = {C1BBA6F3-29A0-4687-B7FB-C6131167F16C}
		{DE2B9E9F-BB61-4A75-AA14-2F663236F384} = {F2F902D4-6AA2-4B6A-A09B-6B94A1E11F4A}
	EndGlobalSection
EndGlobal
